{
  "originHash" : "ca5d2deb8e46931d895199097d7f5d7d342f1c8cdc13ab631ca15fa3c4be12ca",
  "pins" : [
    {
      "identity" : "mapvina-gl-native-distribution",
      "kind" : "remoteSourceControl",
      "location" : "https://github.com/mapvina/mapvina-gl-native-distribution",
      "state" : {
        "revision" : "80632031c693cff41f0a7e29490d7454061f1d3a",
        "version" : "1.0.0"
      }
    }
  ],
  "version" : 3
}
